
Microsoft Visual Studio Solution File, Format Version 12.00
# Visual Studio Version 17
VisualStudioVersion = 17.9.34728.123
MinimumVisualStudioVersion = 10.0.40219.1
Project("{FAE04EC0-301F-11D3-BF4B-00C04F79EFBC}") = "Banking App Console", "Banking App Console.csproj", "{311A948A-8D33-4477-9D7B-DC6B7A541DA9}"
EndProject
Global
	GlobalSection(SolutionConfigurationPlatforms) = preSolution
		Debug|Any CPU = Debug|Any CPU
		Release|Any CPU = Release|Any CPU
	EndGlobalSection
	GlobalSection(ProjectConfigurationPlatforms) = postSolution
		{311A948A-8D33-4477-9D7B-DC6B7A541DA9}.Debug|Any CPU.ActiveCfg = Debug|Any CPU
		{311A948A-8D33-4477-9D7B-DC6B7A541DA9}.Debug|Any CPU.Build.0 = Debug|Any CPU
		{311A948A-8D33-4477-9D7B-DC6B7A541DA9}.Release|Any CPU.ActiveCfg = Release|Any CPU
		{311A948A-8D33-4477-9D7B-DC6B7A541DA9}.Release|Any CPU.Build.0 = Release|Any CPU
	EndGlobalSection
	GlobalSection(SolutionProperties) = preSolution
		HideSolutionNode = FALSE
	EndGlobalSection
	GlobalSection(ExtensibilityGlobals) = postSolution
		SolutionGuid = {BD319703-ED62-4234-B132-76681D2F40FA}
	EndGlobalSection
EndGlobal
